# THIS IS AN AUTOGENERATED FILE. DO NOT EDIT THIS FILE DIRECTLY.
# yarn lockfile v1


berish-collection@^1.0.1, berish-collection@^1.0.2:
  version "1.0.2"
  resolved "https://registry.yarnpkg.com/berish-collection/-/berish-collection-1.0.2.tgz#8f719ff02eadfedfda88d983c7b1eff399826282"
  dependencies:
    berish-linq "^1.0.1"

berish-linq@^1.0.1:
  version "1.0.2"
  resolved "https://registry.yarnpkg.com/berish-linq/-/berish-linq-1.0.2.tgz#6161fb9cff919cb087e27364505f50a4c06bed7f"
  dependencies:
    berish-collection "^1.0.1"
